
Microsoft Visual Studio Solution File, Format Version 12.00
# Visual Studio Version 17
VisualStudioVersion = 17.6.33829.357
MinimumVisualStudioVersion = 10.0.40219.1
Project("{9A19103F-16F7-4668-BE54-9A1E7A4F7556}") = "SBFirstLast4", "SBFirstLast4\SBFirstLast4.csproj", "{20F98FF4-96DF-4752-83C6-2C0DA2EAD35E}"
EndProject
Global
	GlobalSection(SolutionConfigurationPlatforms) = preSolution
		Debug|Any CPU = Debug|Any CPU
		Release|Any CPU = Release|Any CPU
	EndGlobalSection
	GlobalSection(ProjectConfigurationPlatforms) = postSolution
		{20F98FF4-96DF-4752-83C6-2C0DA2EAD35E}.Debug|Any CPU.ActiveCfg = Debug|Any CPU
		{20F98FF4-96DF-4752-83C6-2C0DA2EAD35E}.Debug|Any CPU.Build.0 = Debug|Any CPU
		{20F98FF4-96DF-4752-83C6-2C0DA2EAD35E}.Release|Any CPU.ActiveCfg = Release|Any CPU
		{20F98FF4-96DF-4752-83C6-2C0DA2EAD35E}.Release|Any CPU.Build.0 = Release|Any CPU
	EndGlobalSection
	GlobalSection(SolutionProperties) = preSolution
		HideSolutionNode = FALSE
	EndGlobalSection
	GlobalSection(ExtensibilityGlobals) = postSolution
		SolutionGuid = {E35E3BD8-0142-45A8-91E5-B2C8508CEC6F}
	EndGlobalSection
EndGlobal
